
Microsoft Visual Studio Solution File, Format Version 12.00
# Visual Studio 2013
VisualStudioVersion = 12.0.31101.0
MinimumVisualStudioVersion = 10.0.40219.1
Project("{FAE04EC0-301F-11D3-BF4B-00C04F79EFBC}") = "AngularJS-Day18", "AngularJS-Day18\AngularJS-Day18.csproj", "{9786C700-2105-4103-A4CF-32ABE40210B1}"
EndProject
Project("{FAE04EC0-301F-11D3-BF4B-00C04F79EFBC}") = "AngularJS-Day18.Tests", "AngularJS-Day18.Tests\AngularJS-Day18.Tests.csproj", "{4AC87A1A-1992-4D0F-9B42-246BD58E3F40}"
EndProject
Project("{2150E333-8FDC-42A3-9474-1A3956D46DE8}") = ".nuget", ".nuget", "{3AFCB375-10B7-44BB-B848-0C5081C54140}"
	ProjectSection(SolutionItems) = preProject
		.nuget\packages.config = .nuget\packages.config
	EndProjectSection
EndProject
Global
	GlobalSection(SolutionConfigurationPlatforms) = preSolution
		Debug|Any CPU = Debug|Any CPU
		Release|Any CPU = Release|Any CPU
	EndGlobalSection
	GlobalSection(ProjectConfigurationPlatforms) = postSolution
		{9786C700-2105-4103-A4CF-32ABE40210B1}.Debug|Any CPU.ActiveCfg = Debug|Any CPU
		{9786C700-2105-4103-A4CF-32ABE40210B1}.Debug|Any CPU.Build.0 = Debug|Any CPU
		{9786C700-2105-4103-A4CF-32ABE40210B1}.Release|Any CPU.ActiveCfg = Release|Any CPU
		{9786C700-2105-4103-A4CF-32ABE40210B1}.Release|Any CPU.Build.0 = Release|Any CPU
		{4AC87A1A-1992-4D0F-9B42-246BD58E3F40}.Debug|Any CPU.ActiveCfg = Debug|Any CPU
		{4AC87A1A-1992-4D0F-9B42-246BD58E3F40}.Debug|Any CPU.Build.0 = Debug|Any CPU
		{4AC87A1A-1992-4D0F-9B42-246BD58E3F40}.Release|Any CPU.ActiveCfg = Release|Any CPU
		{4AC87A1A-1992-4D0F-9B42-246BD58E3F40}.Release|Any CPU.Build.0 = Release|Any CPU
	EndGlobalSection
	GlobalSection(SolutionProperties) = preSolution
		HideSolutionNode = FALSE
	EndGlobalSection
EndGlobal
