
Microsoft Visual Studio Solution File, Format Version 12.00
# Visual Studio 2013
VisualStudioVersion = 12.0.31101.0
MinimumVisualStudioVersion = 10.0.40219.1
Project("{FAE04EC0-301F-11D3-BF4B-00C04F79EFBC}") = "Angular-Day9", "Angular-Day9\Angular-Day9.csproj", "{EADC131E-4FE8-4162-B791-2D087C321022}"
EndProject
Global
	GlobalSection(SolutionConfigurationPlatforms) = preSolution
		Debug|Any CPU = Debug|Any CPU
		Release|Any CPU = Release|Any CPU
	EndGlobalSection
	GlobalSection(ProjectConfigurationPlatforms) = postSolution
		{EADC131E-4FE8-4162-B791-2D087C321022}.Debug|Any CPU.ActiveCfg = Debug|Any CPU
		{EADC131E-4FE8-4162-B791-2D087C321022}.Debug|Any CPU.Build.0 = Debug|Any CPU
		{EADC131E-4FE8-4162-B791-2D087C321022}.Release|Any CPU.ActiveCfg = Release|Any CPU
		{EADC131E-4FE8-4162-B791-2D087C321022}.Release|Any CPU.Build.0 = Release|Any CPU
	EndGlobalSection
	GlobalSection(SolutionProperties) = preSolution
		HideSolutionNode = FALSE
	EndGlobalSection
EndGlobal
